// !$*UTF8*$!
{
	archiveVersion = 1;
	classes = {
	};
	objectVersion = 50;
	objects = {

/* Begin PBXBuildFile section */
		B920CC21232801A400CC0B0B /* Person.m in Sources */ = {isa = PBXBuildFile; fileRef = B920CC20232801A400CC0B0B /* Person.m */; };
		B920CC23232BC77B00CC0B0B /* main.m in Sources */ = {isa = PBXBuildFile; fileRef = B920CC22232BC77B00CC0B0B /* main.m */; };
		B920CC28232BD96500CC0B0B /* Car.m in Sources */ = {isa = PBXBuildFile; fileRef = B920CC27232BD96500CC0B0B /* Car.m */; };
		B920CC2B232E602D00CC0B0B /* Taxi.m in Sources */ = {isa = PBXBuildFile; fileRef = B920CC2A232E602D00CC0B0B /* Taxi.m */; };
		B920CC2E232E631B00CC0B0B /* Truck.m in Sources */ = {isa = PBXBuildFile; fileRef = B920CC2D232E631B00CC0B0B /* Truck.m */; };
		B920CC32232E798300CC0B0B /* Printer.m in Sources */ = {isa = PBXBuildFile; fileRef = B920CC31232E798300CC0B0B /* Printer.m */; };
		B920CC35232E79D600CC0B0B /* ColorPrinter.m in Sources */ = {isa = PBXBuildFile; fileRef = B920CC34232E79D600CC0B0B /* ColorPrinter.m */; };
		B920CC38232E7A1400CC0B0B /* BlackPrinter.m in Sources */ = {isa = PBXBuildFile; fileRef = B920CC37232E7A1400CC0B0B /* BlackPrinter.m */; };
		B920CC41232E7D0F00CC0B0B /* PrinterMan.m in Sources */ = {isa = PBXBuildFile; fileRef = B920CC40232E7D0F00CC0B0B /* PrinterMan.m */; };
		B9B984DC23390F3200E8FEC7 /* Student.m in Sources */ = {isa = PBXBuildFile; fileRef = B9B984DB23390F3200E8FEC7 /* Student.m */; };
		B9DB2B812331BC6F000358DE /* NSString+Extension123.m in Sources */ = {isa = PBXBuildFile; fileRef = B9DB2B802331BC6F000358DE /* NSString+Extension123.m */; };
/* End PBXBuildFile section */

/* Begin PBXCopyFilesBuildPhase section */
		B920CC0B2327FEEF00CC0B0B /* CopyFiles */ = {
			isa = PBXCopyFilesBuildPhase;
			buildActionMask = 2147483647;
			dstPath = /usr/share/man/man1/;
			dstSubfolderSpec = 0;
			files = (
			);
			runOnlyForDeploymentPostprocessing = 1;
		};
/* End PBXCopyFilesBuildPhase section */

/* Begin PBXFileReference section */
		B920CC0D2327FEEF00CC0B0B /* ocLanguage */ = {isa = PBXFileReference; explicitFileType = "compiled.mach-o.executable"; includeInIndex = 0; path = ocLanguage; sourceTree = BUILT_PRODUCTS_DIR; };
		B920CC1F2328019800CC0B0B /* Person.h */ = {isa = PBXFileReference; lastKnownFileType = sourcecode.c.h; path = Person.h; sourceTree = "<group>"; };
		B920CC20232801A400CC0B0B /* Person.m */ = {isa = PBXFileReference; fileEncoding = 4; lastKnownFileType = sourcecode.c.objc; path = Person.m; sourceTree = "<group>"; };
		B920CC22232BC77B00CC0B0B /* main.m */ = {isa = PBXFileReference; fileEncoding = 4; lastKnownFileType = sourcecode.c.objc; path = main.m; sourceTree = "<group>"; };
		B920CC26232BD96500CC0B0B /* Car.h */ = {isa = PBXFileReference; lastKnownFileType = sourcecode.c.h; path = Car.h; sourceTree = "<group>"; };
		B920CC27232BD96500CC0B0B /* Car.m */ = {isa = PBXFileReference; lastKnownFileType = sourcecode.c.objc; path = Car.m; sourceTree = "<group>"; };
		B920CC29232E602D00CC0B0B /* Taxi.h */ = {isa = PBXFileReference; lastKnownFileType = sourcecode.c.h; path = Taxi.h; sourceTree = "<group>"; };
		B920CC2A232E602D00CC0B0B /* Taxi.m */ = {isa = PBXFileReference; lastKnownFileType = sourcecode.c.objc; path = Taxi.m; sourceTree = "<group>"; };
		B920CC2C232E631B00CC0B0B /* Truck.h */ = {isa = PBXFileReference; lastKnownFileType = sourcecode.c.h; path = Truck.h; sourceTree = "<group>"; };
		B920CC2D232E631B00CC0B0B /* Truck.m */ = {isa = PBXFileReference; lastKnownFileType = sourcecode.c.objc; path = Truck.m; sourceTree = "<group>"; };
		B920CC30232E798300CC0B0B /* Printer.h */ = {isa = PBXFileReference; lastKnownFileType = sourcecode.c.h; path = Printer.h; sourceTree = "<group>"; };
		B920CC31232E798300CC0B0B /* Printer.m */ = {isa = PBXFileReference; lastKnownFileType = sourcecode.c.objc; path = Printer.m; sourceTree = "<group>"; };
		B920CC33232E79D600CC0B0B /* ColorPrinter.h */ = {isa = PBXFileReference; lastKnownFileType = sourcecode.c.h; path = ColorPrinter.h; sourceTree = "<group>"; };
		B920CC34232E79D600CC0B0B /* ColorPrinter.m */ = {isa = PBXFileReference; lastKnownFileType = sourcecode.c.objc; path = ColorPrinter.m; sourceTree = "<group>"; };
		B920CC36232E7A1400CC0B0B /* BlackPrinter.h */ = {isa = PBXFileReference; lastKnownFileType = sourcecode.c.h; path = BlackPrinter.h; sourceTree = "<group>"; };
		B920CC37232E7A1400CC0B0B /* BlackPrinter.m */ = {isa = PBXFileReference; lastKnownFileType = sourcecode.c.objc; path = BlackPrinter.m; sourceTree = "<group>"; };
		B920CC3F232E7D0F00CC0B0B /* PrinterMan.h */ = {isa = PBXFileReference; lastKnownFileType = sourcecode.c.h; path = PrinterMan.h; sourceTree = "<group>"; };
		B920CC40232E7D0F00CC0B0B /* PrinterMan.m */ = {isa = PBXFileReference; lastKnownFileType = sourcecode.c.objc; path = PrinterMan.m; sourceTree = "<group>"; };
		B9B984D723390EB000E8FEC7 /* WithProtocol.h */ = {isa = PBXFileReference; lastKnownFileType = sourcecode.c.h; path = WithProtocol.h; sourceTree = "<group>"; };
		B9B984DA23390F3200E8FEC7 /* Student.h */ = {isa = PBXFileReference; lastKnownFileType = sourcecode.c.h; path = Student.h; sourceTree = "<group>"; };
		B9B984DB23390F3200E8FEC7 /* Student.m */ = {isa = PBXFileReference; lastKnownFileType = sourcecode.c.objc; path = Student.m; sourceTree = "<group>"; };
		B9DB2B7F2331BC6F000358DE /* NSString+Extension123.h */ = {isa = PBXFileReference; lastKnownFileType = sourcecode.c.h; path = "NSString+Extension123.h"; sourceTree = "<group>"; };
		B9DB2B802331BC6F000358DE /* NSString+Extension123.m */ = {isa = PBXFileReference; lastKnownFileType = sourcecode.c.objc; path = "NSString+Extension123.m"; sourceTree = "<group>"; };
/* End PBXFileReference section */

/* Begin PBXFrameworksBuildPhase section */
		B920CC0A2327FEEF00CC0B0B /* Frameworks */ = {
			isa = PBXFrameworksBuildPhase;
			buildActionMask = 2147483647;
			files = (
			);
			runOnlyForDeploymentPostprocessing = 0;
		};
/* End PBXFrameworksBuildPhase section */

/* Begin PBXGroup section */
		B920CC042327FEEF00CC0B0B = {
			isa = PBXGroup;
			children = (
				B920CC0F2327FEEF00CC0B0B /* ocLanguage */,
				B920CC0E2327FEEF00CC0B0B /* Products */,
			);
			sourceTree = "<group>";
		};
		B920CC0E2327FEEF00CC0B0B /* Products */ = {
			isa = PBXGroup;
			children = (
				B920CC0D2327FEEF00CC0B0B /* ocLanguage */,
			);
			name = Products;
			sourceTree = "<group>";
		};
		B920CC0F2327FEEF00CC0B0B /* ocLanguage */ = {
			isa = PBXGroup;
			children = (
				B9B984D623390E6C00E8FEC7 /* protocol */,
				B9DB2B7E2331BC54000358DE /* extension */,
				B920CC2F232E795100CC0B0B /* status */,
				B920CC22232BC77B00CC0B0B /* main.m */,
				B920CC20232801A400CC0B0B /* Person.m */,
				B920CC1F2328019800CC0B0B /* Person.h */,
				B920CC26232BD96500CC0B0B /* Car.h */,
				B920CC27232BD96500CC0B0B /* Car.m */,
				B920CC29232E602D00CC0B0B /* Taxi.h */,
				B920CC2A232E602D00CC0B0B /* Taxi.m */,
				B920CC2C232E631B00CC0B0B /* Truck.h */,
				B920CC2D232E631B00CC0B0B /* Truck.m */,
			);
			path = ocLanguage;
			sourceTree = "<group>";
		};
		B920CC2F232E795100CC0B0B /* status */ = {
			isa = PBXGroup;
			children = (
				B920CC30232E798300CC0B0B /* Printer.h */,
				B920CC31232E798300CC0B0B /* Printer.m */,
				B920CC33232E79D600CC0B0B /* ColorPrinter.h */,
				B920CC34232E79D600CC0B0B /* ColorPrinter.m */,
				B920CC36232E7A1400CC0B0B /* BlackPrinter.h */,
				B920CC37232E7A1400CC0B0B /* BlackPrinter.m */,
				B920CC3F232E7D0F00CC0B0B /* PrinterMan.h */,
				B920CC40232E7D0F00CC0B0B /* PrinterMan.m */,
			);
			path = status;
			sourceTree = "<group>";
		};
		B9B984D623390E6C00E8FEC7 /* protocol */ = {
			isa = PBXGroup;
			children = (
				B9B984D723390EB000E8FEC7 /* WithProtocol.h */,
				B9B984DA23390F3200E8FEC7 /* Student.h */,
				B9B984DB23390F3200E8FEC7 /* Student.m */,
			);
			path = protocol;
			sourceTree = "<group>";
		};
		B9DB2B7E2331BC54000358DE /* extension */ = {
			isa = PBXGroup;
			children = (
				B9DB2B7F2331BC6F000358DE /* NSString+Extension123.h */,
				B9DB2B802331BC6F000358DE /* NSString+Extension123.m */,
			);
			path = extension;
			sourceTree = "<group>";
		};
/* End PBXGroup section */

/* Begin PBXNativeTarget section */
		B920CC0C2327FEEF00CC0B0B /* ocLanguage */ = {
			isa = PBXNativeTarget;
			buildConfigurationList = B920CC142327FEEF00CC0B0B /* Build configuration list for PBXNativeTarget "ocLanguage" */;
			buildPhases = (
				B920CC092327FEEF00CC0B0B /* Sources */,
				B920CC0A2327FEEF00CC0B0B /* Frameworks */,
				B920CC0B2327FEEF00CC0B0B /* CopyFiles */,
			);
			buildRules = (
			);
			dependencies = (
			);
			name = ocLanguage;
			productName = ocLanguage;
			productReference = B920CC0D2327FEEF00CC0B0B /* ocLanguage */;
			productType = "com.apple.product-type.tool";
		};
/* End PBXNativeTarget section */

/* Begin PBXProject section */
		B920CC052327FEEF00CC0B0B /* Project object */ = {
			isa = PBXProject;
			attributes = {
				LastUpgradeCheck = 1030;
				ORGANIZATIONNAME = meikai;
				TargetAttributes = {
					B920CC0C2327FEEF00CC0B0B = {
						CreatedOnToolsVersion = 10.3;
					};
				};
			};
			buildConfigurationList = B920CC082327FEEF00CC0B0B /* Build configuration list for PBXProject "ocLanguage" */;
			compatibilityVersion = "Xcode 9.3";
			developmentRegion = en;
			hasScannedForEncodings = 0;
			knownRegions = (
				en,
			);
			mainGroup = B920CC042327FEEF00CC0B0B;
			productRefGroup = B920CC0E2327FEEF00CC0B0B /* Products */;
			projectDirPath = "";
			projectRoot = "";
			targets = (
				B920CC0C2327FEEF00CC0B0B /* ocLanguage */,
			);
		};
/* End PBXProject section */

/* Begin PBXSourcesBuildPhase section */
		B920CC092327FEEF00CC0B0B /* Sources */ = {
			isa = PBXSourcesBuildPhase;
			buildActionMask = 2147483647;
			files = (
				B9B984DC23390F3200E8FEC7 /* Student.m in Sources */,
				B920CC32232E798300CC0B0B /* Printer.m in Sources */,
				B920CC28232BD96500CC0B0B /* Car.m in Sources */,
				B920CC41232E7D0F00CC0B0B /* PrinterMan.m in Sources */,
				B920CC38232E7A1400CC0B0B /* BlackPrinter.m in Sources */,
				B920CC23232BC77B00CC0B0B /* main.m in Sources */,
				B9DB2B812331BC6F000358DE /* NSString+Extension123.m in Sources */,
				B920CC21232801A400CC0B0B /* Person.m in Sources */,
				B920CC35232E79D600CC0B0B /* ColorPrinter.m in Sources */,
				B920CC2E232E631B00CC0B0B /* Truck.m in Sources */,
				B920CC2B232E602D00CC0B0B /* Taxi.m in Sources */,
			);
			runOnlyForDeploymentPostprocessing = 0;
		};
/* End PBXSourcesBuildPhase section */

/* Begin XCBuildConfiguration section */
		B920CC122327FEEF00CC0B0B /* Debug */ = {
			isa = XCBuildConfiguration;
			buildSettings = {
				ALWAYS_SEARCH_USER_PATHS = NO;
				CLANG_ANALYZER_NONNULL = YES;
				CLANG_ANALYZER_NUMBER_OBJECT_CONVERSION = YES_AGGRESSIVE;
				CLANG_CXX_LANGUAGE_STANDARD = "gnu++14";
				CLANG_CXX_LIBRARY = "libc++";
				CLANG_ENABLE_MODULES = YES;
				CLANG_ENABLE_OBJC_ARC = YES;
				CLANG_ENABLE_OBJC_WEAK = YES;
				CLANG_WARN_BLOCK_CAPTURE_AUTORELEASING = YES;
				CLANG_WARN_BOOL_CONVERSION = YES;
				CLANG_WARN_COMMA = YES;
				CLANG_WARN_CONSTANT_CONVERSION = YES;
				CLANG_WARN_DEPRECATED_OBJC_IMPLEMENTATIONS = YES;
				CLANG_WARN_DIRECT_OBJC_ISA_USAGE = YES_ERROR;
				CLANG_WARN_DOCUMENTATION_COMMENTS = YES;
				CLANG_WARN_EMPTY_BODY = YES;
				CLANG_WARN_ENUM_CONVERSION = YES;
				CLANG_WARN_INFINITE_RECURSION = YES;
				CLANG_WARN_INT_CONVERSION = YES;
				CLANG_WARN_NON_LITERAL_NULL_CONVERSION = YES;
				CLANG_WARN_OBJC_IMPLICIT_RETAIN_SELF = YES;
				CLANG_WARN_OBJC_LITERAL_CONVERSION = YES;
				CLANG_WARN_OBJC_ROOT_CLASS = YES_ERROR;
				CLANG_WARN_RANGE_LOOP_ANALYSIS = YES;
				CLANG_WARN_STRICT_PROTOTYPES = YES;
				CLANG_WARN_SUSPICIOUS_MOVE = YES;
				CLANG_WARN_UNGUARDED_AVAILABILITY = YES_AGGRESSIVE;
				CLANG_WARN_UNREACHABLE_CODE = YES;
				CLANG_WARN__DUPLICATE_METHOD_MATCH = YES;
				CODE_SIGN_IDENTITY = "-";
				COPY_PHASE_STRIP = NO;
				DEBUG_INFORMATION_FORMAT = dwarf;
				ENABLE_STRICT_OBJC_MSGSEND = YES;
				ENABLE_TESTABILITY = YES;
				GCC_C_LANGUAGE_STANDARD = gnu11;
				GCC_DYNAMIC_NO_PIC = NO;
				GCC_NO_COMMON_BLOCKS = YES;
				GCC_OPTIMIZATION_LEVEL = 0;
				GCC_PREPROCESSOR_DEFINITIONS = (
					"DEBUG=1",
					"$(inherited)",
				);
				GCC_WARN_64_TO_32_BIT_CONVERSION = YES;
				GCC_WARN_ABOUT_RETURN_TYPE = YES_ERROR;
				GCC_WARN_UNDECLARED_SELECTOR = YES;
				GCC_WARN_UNINITIALIZED_AUTOS = YES_AGGRESSIVE;
				GCC_WARN_UNUSED_FUNCTION = YES;
				GCC_WARN_UNUSED_VARIABLE = YES;
				MACOSX_DEPLOYMENT_TARGET = 10.14;
				MTL_ENABLE_DEBUG_INFO = INCLUDE_SOURCE;
				MTL_FAST_MATH = YES;
				ONLY_ACTIVE_ARCH = YES;
				SDKROOT = macosx;
			};
			name = Debug;
		};
		B920CC132327FEEF00CC0B0B /* Release */ = {
			isa = XCBuildConfiguration;
			buildSettings = {
				ALWAYS_SEARCH_USER_PATHS = NO;
				CLANG_ANALYZER_NONNULL = YES;
				CLANG_ANALYZER_NUMBER_OBJECT_CONVERSION = YES_AGGRESSIVE;
				CLANG_CXX_LANGUAGE_STANDARD = "gnu++14";
				CLANG_CXX_LIBRARY = "libc++";
				CLANG_ENABLE_MODULES = YES;
				CLANG_ENABLE_OBJC_ARC = YES;
				CLANG_ENABLE_OBJC_WEAK = YES;
				CLANG_WARN_BLOCK_CAPTURE_AUTORELEASING = YES;
				CLANG_WARN_BOOL_CONVERSION = YES;
				CLANG_WARN_COMMA = YES;
				CLANG_WARN_CONSTANT_CONVERSION = YES;
				CLANG_WARN_DEPRECATED_OBJC_IMPLEMENTATIONS = YES;
				CLANG_WARN_DIRECT_OBJC_ISA_USAGE = YES_ERROR;
				CLANG_WARN_DOCUMENTATION_COMMENTS = YES;
				CLANG_WARN_EMPTY_BODY = YES;
				CLANG_WARN_ENUM_CONVERSION = YES;
				CLANG_WARN_INFINITE_RECURSION = YES;
				CLANG_WARN_INT_CONVERSION = YES;
				CLANG_WARN_NON_LITERAL_NULL_CONVERSION = YES;
				CLANG_WARN_OBJC_IMPLICIT_RETAIN_SELF = YES;
				CLANG_WARN_OBJC_LITERAL_CONVERSION = YES;
				CLANG_WARN_OBJC_ROOT_CLASS = YES_ERROR;
				CLANG_WARN_RANGE_LOOP_ANALYSIS = YES;
				CLANG_WARN_STRICT_PROTOTYPES = YES;
				CLANG_WARN_SUSPICIOUS_MOVE = YES;
				CLANG_WARN_UNGUARDED_AVAILABILITY = YES_AGGRESSIVE;
				CLANG_WARN_UNREACHABLE_CODE = YES;
				CLANG_WARN__DUPLICATE_METHOD_MATCH = YES;
				CODE_SIGN_IDENTITY = "-";
				COPY_PHASE_STRIP = NO;
				DEBUG_INFORMATION_FORMAT = "dwarf-with-dsym";
				ENABLE_NS_ASSERTIONS = NO;
				ENABLE_STRICT_OBJC_MSGSEND = YES;
				GCC_C_LANGUAGE_STANDARD = gnu11;
				GCC_NO_COMMON_BLOCKS = YES;
				GCC_WARN_64_TO_32_BIT_CONVERSION = YES;
				GCC_WARN_ABOUT_RETURN_TYPE = YES_ERROR;
				GCC_WARN_UNDECLARED_SELECTOR = YES;
				GCC_WARN_UNINITIALIZED_AUTOS = YES_AGGRESSIVE;
				GCC_WARN_UNUSED_FUNCTION = YES;
				GCC_WARN_UNUSED_VARIABLE = YES;
				MACOSX_DEPLOYMENT_TARGET = 10.14;
				MTL_ENABLE_DEBUG_INFO = NO;
				MTL_FAST_MATH = YES;
				SDKROOT = macosx;
			};
			name = Release;
		};
		B920CC152327FEEF00CC0B0B /* Debug */ = {
			isa = XCBuildConfiguration;
			buildSettings = {
				CODE_SIGN_STYLE = Automatic;
				PRODUCT_NAME = "$(TARGET_NAME)";
			};
			name = Debug;
		};
		B920CC162327FEEF00CC0B0B /* Release */ = {
			isa = XCBuildConfiguration;
			buildSettings = {
				CODE_SIGN_STYLE = Automatic;
				PRODUCT_NAME = "$(TARGET_NAME)";
			};
			name = Release;
		};
/* End XCBuildConfiguration section */

/* Begin XCConfigurationList section */
		B920CC082327FEEF00CC0B0B /* Build configuration list for PBXProject "ocLanguage" */ = {
			isa = XCConfigurationList;
			buildConfigurations = (
				B920CC122327FEEF00CC0B0B /* Debug */,
				B920CC132327FEEF00CC0B0B /* Release */,
			);
			defaultConfigurationIsVisible = 0;
			defaultConfigurationName = Release;
		};
		B920CC142327FEEF00CC0B0B /* Build configuration list for PBXNativeTarget "ocLanguage" */ = {
			isa = XCConfigurationList;
			buildConfigurations = (
				B920CC152327FEEF00CC0B0B /* Debug */,
				B920CC162327FEEF00CC0B0B /* Release */,
			);
			defaultConfigurationIsVisible = 0;
			defaultConfigurationName = Release;
		};
/* End XCConfigurationList section */
	};
	rootObject = B920CC052327FEEF00CC0B0B /* Project object */;
}
